// !$*UTF8*$!
{
	archiveVersion = 1;
	classes = {
	};
	objectVersion = 50;
	objects = {

/* Begin PBXBuildFile section */
		195444AC20E14E66004B03C5 /* BartinterTests.swift in Sources */ = {isa = PBXBuildFile; fileRef = 195444AB20E14E66004B03C5 /* BartinterTests.swift */; };
		1967AF9120D96F480043C0E7 /* ViewController.swift in Sources */ = {isa = PBXBuildFile; fileRef = 1967AF9020D96F480043C0E7 /* ViewController.swift */; };
		1967AFA920D96F7C0043C0E7 /* Throttler.swift in Sources */ = {isa = PBXBuildFile; fileRef = 1967AFA120D96F7C0043C0E7 /* Throttler.swift */; };
		1967AFAC20D96F7C0043C0E7 /* Bartinter.swift in Sources */ = {isa = PBXBuildFile; fileRef = 1967AFA420D96F7C0043C0E7 /* Bartinter.swift */; };
		1967AFAE20D96F7C0043C0E7 /* UIKitSwizzling.swift in Sources */ = {isa = PBXBuildFile; fileRef = 1967AFA720D96F7C0043C0E7 /* UIKitSwizzling.swift */; };
		1967AFAF20D96F7C0043C0E7 /* UIViewController+Bartinter.swift in Sources */ = {isa = PBXBuildFile; fileRef = 1967AFA820D96F7C0043C0E7 /* UIViewController+Bartinter.swift */; };
		1967AFB220D970180043C0E7 /* AppDelegate.swift in Sources */ = {isa = PBXBuildFile; fileRef = 1967AFB120D970180043C0E7 /* AppDelegate.swift */; };
		19F320E020E14F56008D1587 /* Main.storyboard in Resources */ = {isa = PBXBuildFile; fileRef = 19F320DF20E14F56008D1587 /* Main.storyboard */; };
		4A5EEBAA4271EB653286F146 /* Pods_Bartinter.framework in Frameworks */ = {isa = PBXBuildFile; fileRef = CB93EACE0572CDC321F11588 /* Pods_Bartinter.framework */; };
/* End PBXBuildFile section */

/* Begin PBXContainerItemProxy section */
		195444AE20E14E66004B03C5 /* PBXContainerItemProxy */ = {
			isa = PBXContainerItemProxy;
			containerPortal = 1967AF8320D96F480043C0E7 /* Project object */;
			proxyType = 1;
			remoteGlobalIDString = 1967AF8A20D96F480043C0E7;
			remoteInfo = Bartinter;
		};
/* End PBXContainerItemProxy section */

/* Begin PBXFileReference section */
		195444A920E14E66004B03C5 /* BartinterTests.xctest */ = {isa = PBXFileReference; explicitFileType = wrapper.cfbundle; includeInIndex = 0; path = BartinterTests.xctest; sourceTree = BUILT_PRODUCTS_DIR; };
		195444AB20E14E66004B03C5 /* BartinterTests.swift */ = {isa = PBXFileReference; lastKnownFileType = sourcecode.swift; path = BartinterTests.swift; sourceTree = "<group>"; };
		195444AD20E14E66004B03C5 /* Info.plist */ = {isa = PBXFileReference; lastKnownFileType = text.plist.xml; path = Info.plist; sourceTree = "<group>"; };
		1967AF8B20D96F480043C0E7 /* Bartinter.app */ = {isa = PBXFileReference; explicitFileType = wrapper.application; includeInIndex = 0; path = Bartinter.app; sourceTree = BUILT_PRODUCTS_DIR; };
		1967AF9020D96F480043C0E7 /* ViewController.swift */ = {isa = PBXFileReference; lastKnownFileType = sourcecode.swift; path = ViewController.swift; sourceTree = "<group>"; };
		1967AF9A20D96F4A0043C0E7 /* Info.plist */ = {isa = PBXFileReference; lastKnownFileType = text.plist.xml; path = Info.plist; sourceTree = "<group>"; };
		1967AFA120D96F7C0043C0E7 /* Throttler.swift */ = {isa = PBXFileReference; fileEncoding = 4; lastKnownFileType = sourcecode.swift; path = Throttler.swift; sourceTree = "<group>"; };
		1967AFA420D96F7C0043C0E7 /* Bartinter.swift */ = {isa = PBXFileReference; fileEncoding = 4; lastKnownFileType = sourcecode.swift; path = Bartinter.swift; sourceTree = "<group>"; };
		1967AFA720D96F7C0043C0E7 /* UIKitSwizzling.swift */ = {isa = PBXFileReference; fileEncoding = 4; lastKnownFileType = sourcecode.swift; path = UIKitSwizzling.swift; sourceTree = "<group>"; };
		1967AFA820D96F7C0043C0E7 /* UIViewController+Bartinter.swift */ = {isa = PBXFileReference; fileEncoding = 4; lastKnownFileType = sourcecode.swift; path = "UIViewController+Bartinter.swift"; sourceTree = "<group>"; };
		1967AFB120D970180043C0E7 /* AppDelegate.swift */ = {isa = PBXFileReference; fileEncoding = 4; lastKnownFileType = sourcecode.swift; path = AppDelegate.swift; sourceTree = "<group>"; };
		19F320DF20E14F56008D1587 /* Main.storyboard */ = {isa = PBXFileReference; lastKnownFileType = file.storyboard; path = Main.storyboard; sourceTree = "<group>"; };
		58D96E9E3C5D3021DE90D28F /* Pods-Bartinter.release.xcconfig */ = {isa = PBXFileReference; includeInIndex = 1; lastKnownFileType = text.xcconfig; name = "Pods-Bartinter.release.xcconfig"; path = "Pods/Target Support Files/Pods-Bartinter/Pods-Bartinter.release.xcconfig"; sourceTree = "<group>"; };
		77765DE7D483E9611163180B /* Pods-Bartinter.debug.xcconfig */ = {isa = PBXFileReference; includeInIndex = 1; lastKnownFileType = text.xcconfig; name = "Pods-Bartinter.debug.xcconfig"; path = "Pods/Target Support Files/Pods-Bartinter/Pods-Bartinter.debug.xcconfig"; sourceTree = "<group>"; };
		CB93EACE0572CDC321F11588 /* Pods_Bartinter.framework */ = {isa = PBXFileReference; explicitFileType = wrapper.framework; includeInIndex = 0; path = Pods_Bartinter.framework; sourceTree = BUILT_PRODUCTS_DIR; };
/* End PBXFileReference section */

/* Begin PBXFrameworksBuildPhase section */
		195444A620E14E66004B03C5 /* Frameworks */ = {
			isa = PBXFrameworksBuildPhase;
			buildActionMask = 2147483647;
			files = (
			);
			runOnlyForDeploymentPostprocessing = 0;
		};
		1967AF8820D96F480043C0E7 /* Frameworks */ = {
			isa = PBXFrameworksBuildPhase;
			buildActionMask = 2147483647;
			files = (
				4A5EEBAA4271EB653286F146 /* Pods_Bartinter.framework in Frameworks */,
			);
			runOnlyForDeploymentPostprocessing = 0;
		};
/* End PBXFrameworksBuildPhase section */

/* Begin PBXGroup section */
		195444AA20E14E66004B03C5 /* BartinterTests */ = {
			isa = PBXGroup;
			children = (
				195444AB20E14E66004B03C5 /* BartinterTests.swift */,
				195444AD20E14E66004B03C5 /* Info.plist */,
			);
			path = BartinterTests;
			sourceTree = "<group>";
		};
		1967AF8220D96F480043C0E7 = {
			isa = PBXGroup;
			children = (
				1967AF8D20D96F480043C0E7 /* Bartinter */,
				195444AA20E14E66004B03C5 /* BartinterTests */,
				1967AF8C20D96F480043C0E7 /* Products */,
				D444C9097BE81D69E282BF81 /* Pods */,
				68BE034EC4BE6FE7E819F493 /* Frameworks */,
			);
			sourceTree = "<group>";
		};
		1967AF8C20D96F480043C0E7 /* Products */ = {
			isa = PBXGroup;
			children = (
				1967AF8B20D96F480043C0E7 /* Bartinter.app */,
				195444A920E14E66004B03C5 /* BartinterTests.xctest */,
			);
			name = Products;
			sourceTree = "<group>";
		};
		1967AF8D20D96F480043C0E7 /* Bartinter */ = {
			isa = PBXGroup;
			children = (
				1967AFB020D96F9A0043C0E7 /* Source */,
				1967AFB120D970180043C0E7 /* AppDelegate.swift */,
				19F320DF20E14F56008D1587 /* Main.storyboard */,
				1967AF9020D96F480043C0E7 /* ViewController.swift */,
				1967AF9A20D96F4A0043C0E7 /* Info.plist */,
			);
			path = Bartinter;
			sourceTree = "<group>";
		};
		1967AFA020D96F7C0043C0E7 /* Throttler */ = {
			isa = PBXGroup;
			children = (
				1967AFA120D96F7C0043C0E7 /* Throttler.swift */,
			);
			path = Throttler;
			sourceTree = "<group>";
		};
		1967AFA620D96F7C0043C0E7 /* Extensions */ = {
			isa = PBXGroup;
			children = (
				1967AFA720D96F7C0043C0E7 /* UIKitSwizzling.swift */,
				1967AFA820D96F7C0043C0E7 /* UIViewController+Bartinter.swift */,
			);
			path = Extensions;
			sourceTree = "<group>";
		};
		1967AFB020D96F9A0043C0E7 /* Source */ = {
			isa = PBXGroup;
			children = (
				1967AFA020D96F7C0043C0E7 /* Throttler */,
				1967AFA620D96F7C0043C0E7 /* Extensions */,
				1967AFA420D96F7C0043C0E7 /* Bartinter.swift */,
			);
			path = Source;
			sourceTree = "<group>";
		};
		68BE034EC4BE6FE7E819F493 /* Frameworks */ = {
			isa = PBXGroup;
			children = (
				CB93EACE0572CDC321F11588 /* Pods_Bartinter.framework */,
			);
			name = Frameworks;
			sourceTree = "<group>";
		};
		D444C9097BE81D69E282BF81 /* Pods */ = {
			isa = PBXGroup;
			children = (
				77765DE7D483E9611163180B /* Pods-Bartinter.debug.xcconfig */,
				58D96E9E3C5D3021DE90D28F /* Pods-Bartinter.release.xcconfig */,
			);
			name = Pods;
			sourceTree = "<group>";
		};
/* End PBXGroup section */

/* Begin PBXNativeTarget section */
		195444A820E14E66004B03C5 /* BartinterTests */ = {
			isa = PBXNativeTarget;
			buildConfigurationList = 195444B020E14E66004B03C5 /* Build configuration list for PBXNativeTarget "BartinterTests" */;
			buildPhases = (
				195444A520E14E66004B03C5 /* Sources */,
				195444A620E14E66004B03C5 /* Frameworks */,
				195444A720E14E66004B03C5 /* Resources */,
			);
			buildRules = (
			);
			dependencies = (
				195444AF20E14E66004B03C5 /* PBXTargetDependency */,
			);
			name = BartinterTests;
			productName = BartinterTests;
			productReference = 195444A920E14E66004B03C5 /* BartinterTests.xctest */;
			productType = "com.apple.product-type.bundle.unit-test";
		};
		1967AF8A20D96F480043C0E7 /* Bartinter */ = {
			isa = PBXNativeTarget;
			buildConfigurationList = 1967AF9D20D96F4A0043C0E7 /* Build configuration list for PBXNativeTarget "Bartinter" */;
			buildPhases = (
				6931EEB89C8B453495BA7365 /* [CP] Check Pods Manifest.lock */,
				1967AF8720D96F480043C0E7 /* Sources */,
				1967AF8820D96F480043C0E7 /* Frameworks */,
				1967AF8920D96F480043C0E7 /* Resources */,
			);
			buildRules = (
			);
			dependencies = (
			);
			name = Bartinter;
			productName = Bartinter;
			productReference = 1967AF8B20D96F480043C0E7 /* Bartinter.app */;
			productType = "com.apple.product-type.application";
		};
/* End PBXNativeTarget section */

/* Begin PBXProject section */
		1967AF8320D96F480043C0E7 /* Project object */ = {
			isa = PBXProject;
			attributes = {
				LastSwiftUpdateCheck = 0940;
				LastUpgradeCheck = 0940;
				ORGANIZATIONNAME = "Maxim Kotliar";
				TargetAttributes = {
					195444A820E14E66004B03C5 = {
						CreatedOnToolsVersion = 9.4;
						TestTargetID = 1967AF8A20D96F480043C0E7;
					};
					1967AF8A20D96F480043C0E7 = {
						CreatedOnToolsVersion = 9.4;
					};
				};
			};
			buildConfigurationList = 1967AF8620D96F480043C0E7 /* Build configuration list for PBXProject "Bartinter" */;
			compatibilityVersion = "Xcode 9.3";
			developmentRegion = en;
			hasScannedForEncodings = 0;
			knownRegions = (
				en,
				Base,
			);
			mainGroup = 1967AF8220D96F480043C0E7;
			productRefGroup = 1967AF8C20D96F480043C0E7 /* Products */;
			projectDirPath = "";
			projectRoot = "";
			targets = (
				1967AF8A20D96F480043C0E7 /* Bartinter */,
				195444A820E14E66004B03C5 /* BartinterTests */,
			);
		};
/* End PBXProject section */

/* Begin PBXResourcesBuildPhase section */
		195444A720E14E66004B03C5 /* Resources */ = {
			isa = PBXResourcesBuildPhase;
			buildActionMask = 2147483647;
			files = (
			);
			runOnlyForDeploymentPostprocessing = 0;
		};
		1967AF8920D96F480043C0E7 /* Resources */ = {
			isa = PBXResourcesBuildPhase;
			buildActionMask = 2147483647;
			files = (
				19F320E020E14F56008D1587 /* Main.storyboard in Resources */,
			);
			runOnlyForDeploymentPostprocessing = 0;
		};
/* End PBXResourcesBuildPhase section */

/* Begin PBXShellScriptBuildPhase section */
		6931EEB89C8B453495BA7365 /* [CP] Check Pods Manifest.lock */ = {
			isa = PBXShellScriptBuildPhase;
			buildActionMask = 2147483647;
			files = (
			);
			inputPaths = (
				"${PODS_PODFILE_DIR_PATH}/Podfile.lock",
				"${PODS_ROOT}/Manifest.lock",
			);
			name = "[CP] Check Pods Manifest.lock";
			outputPaths = (
				"$(DERIVED_FILE_DIR)/Pods-Bartinter-checkManifestLockResult.txt",
			);
			runOnlyForDeploymentPostprocessing = 0;
			shellPath = /bin/sh;
			shellScript = "diff \"${PODS_PODFILE_DIR_PATH}/Podfile.lock\" \"${PODS_ROOT}/Manifest.lock\" > /dev/null\nif [ $? != 0 ] ; then\n    # print error to STDERR\n    echo \"error: The sandbox is not in sync with the Podfile.lock. Run 'pod install' or update your CocoaPods installation.\" >&2\n    exit 1\nfi\n# This output is used by Xcode 'outputs' to avoid re-running this script phase.\necho \"SUCCESS\" > \"${SCRIPT_OUTPUT_FILE_0}\"\n";
			showEnvVarsInLog = 0;
		};
/* End PBXShellScriptBuildPhase section */

/* Begin PBXSourcesBuildPhase section */
		195444A520E14E66004B03C5 /* Sources */ = {
			isa = PBXSourcesBuildPhase;
			buildActionMask = 2147483647;
			files = (
				195444AC20E14E66004B03C5 /* BartinterTests.swift in Sources */,
			);
			runOnlyForDeploymentPostprocessing = 0;
		};
		1967AF8720D96F480043C0E7 /* Sources */ = {
			isa = PBXSourcesBuildPhase;
			buildActionMask = 2147483647;
			files = (
				1967AFB220D970180043C0E7 /* AppDelegate.swift in Sources */,
				1967AF9120D96F480043C0E7 /* ViewController.swift in Sources */,
				1967AFAF20D96F7C0043C0E7 /* UIViewController+Bartinter.swift in Sources */,
				1967AFA920D96F7C0043C0E7 /* Throttler.swift in Sources */,
				1967AFAE20D96F7C0043C0E7 /* UIKitSwizzling.swift in Sources */,
				1967AFAC20D96F7C0043C0E7 /* Bartinter.swift in Sources */,
			);
			runOnlyForDeploymentPostprocessing = 0;
		};
/* End PBXSourcesBuildPhase section */

/* Begin PBXTargetDependency section */
		195444AF20E14E66004B03C5 /* PBXTargetDependency */ = {
			isa = PBXTargetDependency;
			target = 1967AF8A20D96F480043C0E7 /* Bartinter */;
			targetProxy = 195444AE20E14E66004B03C5 /* PBXContainerItemProxy */;
		};
/* End PBXTargetDependency section */

/* Begin XCBuildConfiguration section */
		195444B120E14E66004B03C5 /* Debug */ = {
			isa = XCBuildConfiguration;
			buildSettings = {
				BUNDLE_LOADER = "$(TEST_HOST)";
				CODE_SIGN_STYLE = Automatic;
				DEVELOPMENT_TEAM = U99CNQ7H99;
				INFOPLIST_FILE = BartinterTests/Info.plist;
				LD_RUNPATH_SEARCH_PATHS = (
					"$(inherited)",
					"@executable_path/Frameworks",
					"@loader_path/Frameworks",
				);
				PRODUCT_BUNDLE_IDENTIFIER = com.maximkotliar.BartinterTests;
				PRODUCT_NAME = "$(TARGET_NAME)";
				SWIFT_VERSION = 4.0;
				TARGETED_DEVICE_FAMILY = "1,2";
				TEST_HOST = "$(BUILT_PRODUCTS_DIR)/Bartinter.app/Bartinter";
			};
			name = Debug;
		};
		195444B220E14E66004B03C5 /* Release */ = {
			isa = XCBuildConfiguration;
			buildSettings = {
				BUNDLE_LOADER = "$(TEST_HOST)";
				CODE_SIGN_STYLE = Automatic;
				DEVELOPMENT_TEAM = U99CNQ7H99;
				INFOPLIST_FILE = BartinterTests/Info.plist;
				LD_RUNPATH_SEARCH_PATHS = (
					"$(inherited)",
					"@executable_path/Frameworks",
					"@loader_path/Frameworks",
				);
				PRODUCT_BUNDLE_IDENTIFIER = com.maximkotliar.BartinterTests;
				PRODUCT_NAME = "$(TARGET_NAME)";
				SWIFT_VERSION = 4.0;
				TARGETED_DEVICE_FAMILY = "1,2";
				TEST_HOST = "$(BUILT_PRODUCTS_DIR)/Bartinter.app/Bartinter";
			};
			name = Release;
		};
		1967AF9B20D96F4A0043C0E7 /* Debug */ = {
			isa = XCBuildConfiguration;
			buildSettings = {
				ALWAYS_SEARCH_USER_PATHS = NO;
				CLANG_ANALYZER_NONNULL = YES;
				CLANG_ANALYZER_NUMBER_OBJECT_CONVERSION = YES_AGGRESSIVE;
				CLANG_CXX_LANGUAGE_STANDARD = "gnu++14";
				CLANG_CXX_LIBRARY = "libc++";
				CLANG_ENABLE_MODULES = YES;
				CLANG_ENABLE_OBJC_ARC = YES;
				CLANG_ENABLE_OBJC_WEAK = YES;
				CLANG_WARN_BLOCK_CAPTURE_AUTORELEASING = YES;
				CLANG_WARN_BOOL_CONVERSION = YES;
				CLANG_WARN_COMMA = YES;
				CLANG_WARN_CONSTANT_CONVERSION = YES;
				CLANG_WARN_DEPRECATED_OBJC_IMPLEMENTATIONS = YES;
				CLANG_WARN_DIRECT_OBJC_ISA_USAGE = YES_ERROR;
				CLANG_WARN_DOCUMENTATION_COMMENTS = YES;
				CLANG_WARN_EMPTY_BODY = YES;
				CLANG_WARN_ENUM_CONVERSION = YES;
				CLANG_WARN_INFINITE_RECURSION = YES;
				CLANG_WARN_INT_CONVERSION = YES;
				CLANG_WARN_NON_LITERAL_NULL_CONVERSION = YES;
				CLANG_WARN_OBJC_IMPLICIT_RETAIN_SELF = YES;
				CLANG_WARN_OBJC_LITERAL_CONVERSION = YES;
				CLANG_WARN_OBJC_ROOT_CLASS = YES_ERROR;
				CLANG_WARN_RANGE_LOOP_ANALYSIS = YES;
				CLANG_WARN_STRICT_PROTOTYPES = YES;
				CLANG_WARN_SUSPICIOUS_MOVE = YES;
				CLANG_WARN_UNGUARDED_AVAILABILITY = YES_AGGRESSIVE;
				CLANG_WARN_UNREACHABLE_CODE = YES;
				CLANG_WARN__DUPLICATE_METHOD_MATCH = YES;
				CODE_SIGN_IDENTITY = "iPhone Developer";
				COPY_PHASE_STRIP = NO;
				DEBUG_INFORMATION_FORMAT = dwarf;
				ENABLE_STRICT_OBJC_MSGSEND = YES;
				ENABLE_TESTABILITY = YES;
				GCC_C_LANGUAGE_STANDARD = gnu11;
				GCC_DYNAMIC_NO_PIC = NO;
				GCC_NO_COMMON_BLOCKS = YES;
				GCC_OPTIMIZATION_LEVEL = 0;
				GCC_PREPROCESSOR_DEFINITIONS = (
					"DEBUG=1",
					"$(inherited)",
				);
				GCC_WARN_64_TO_32_BIT_CONVERSION = YES;
				GCC_WARN_ABOUT_RETURN_TYPE = YES_ERROR;
				GCC_WARN_UNDECLARED_SELECTOR = YES;
				GCC_WARN_UNINITIALIZED_AUTOS = YES_AGGRESSIVE;
				GCC_WARN_UNUSED_FUNCTION = YES;
				GCC_WARN_UNUSED_VARIABLE = YES;
				IPHONEOS_DEPLOYMENT_TARGET = 11.4;
				MTL_ENABLE_DEBUG_INFO = YES;
				ONLY_ACTIVE_ARCH = YES;
				SDKROOT = iphoneos;
				SWIFT_ACTIVE_COMPILATION_CONDITIONS = DEBUG;
				SWIFT_OPTIMIZATION_LEVEL = "-Onone";
			};
			name = Debug;
		};
		1967AF9C20D96F4A0043C0E7 /* Release */ = {
			isa = XCBuildConfiguration;
			buildSettings = {
				ALWAYS_SEARCH_USER_PATHS = NO;
				CLANG_ANALYZER_NONNULL = YES;
				CLANG_ANALYZER_NUMBER_OBJECT_CONVERSION = YES_AGGRESSIVE;
				CLANG_CXX_LANGUAGE_STANDARD = "gnu++14";
				CLANG_CXX_LIBRARY = "libc++";
				CLANG_ENABLE_MODULES = YES;
				CLANG_ENABLE_OBJC_ARC = YES;
				CLANG_ENABLE_OBJC_WEAK = YES;
				CLANG_WARN_BLOCK_CAPTURE_AUTORELEASING = YES;
				CLANG_WARN_BOOL_CONVERSION = YES;
				CLANG_WARN_COMMA = YES;
				CLANG_WARN_CONSTANT_CONVERSION = YES;
				CLANG_WARN_DEPRECATED_OBJC_IMPLEMENTATIONS = YES;
				CLANG_WARN_DIRECT_OBJC_ISA_USAGE = YES_ERROR;
				CLANG_WARN_DOCUMENTATION_COMMENTS = YES;
				CLANG_WARN_EMPTY_BODY = YES;
				CLANG_WARN_ENUM_CONVERSION = YES;
				CLANG_WARN_INFINITE_RECURSION = YES;
				CLANG_WARN_INT_CONVERSION = YES;
				CLANG_WARN_NON_LITERAL_NULL_CONVERSION = YES;
				CLANG_WARN_OBJC_IMPLICIT_RETAIN_SELF = YES;
				CLANG_WARN_OBJC_LITERAL_CONVERSION = YES;
				CLANG_WARN_OBJC_ROOT_CLASS = YES_ERROR;
				CLANG_WARN_RANGE_LOOP_ANALYSIS = YES;
				CLANG_WARN_STRICT_PROTOTYPES = YES;
				CLANG_WARN_SUSPICIOUS_MOVE = YES;
				CLANG_WARN_UNGUARDED_AVAILABILITY = YES_AGGRESSIVE;
				CLANG_WARN_UNREACHABLE_CODE = YES;
				CLANG_WARN__DUPLICATE_METHOD_MATCH = YES;
				CODE_SIGN_IDENTITY = "iPhone Developer";
				COPY_PHASE_STRIP = NO;
				DEBUG_INFORMATION_FORMAT = "dwarf-with-dsym";
				ENABLE_NS_ASSERTIONS = NO;
				ENABLE_STRICT_OBJC_MSGSEND = YES;
				GCC_C_LANGUAGE_STANDARD = gnu11;
				GCC_NO_COMMON_BLOCKS = YES;
				GCC_WARN_64_TO_32_BIT_CONVERSION = YES;
				GCC_WARN_ABOUT_RETURN_TYPE = YES_ERROR;
				GCC_WARN_UNDECLARED_SELECTOR = YES;
				GCC_WARN_UNINITIALIZED_AUTOS = YES_AGGRESSIVE;
				GCC_WARN_UNUSED_FUNCTION = YES;
				GCC_WARN_UNUSED_VARIABLE = YES;
				IPHONEOS_DEPLOYMENT_TARGET = 11.4;
				MTL_ENABLE_DEBUG_INFO = NO;
				SDKROOT = iphoneos;
				SWIFT_COMPILATION_MODE = wholemodule;
				SWIFT_OPTIMIZATION_LEVEL = "-O";
				VALIDATE_PRODUCT = YES;
			};
			name = Release;
		};
		1967AF9E20D96F4A0043C0E7 /* Debug */ = {
			isa = XCBuildConfiguration;
			baseConfigurationReference = 77765DE7D483E9611163180B /* Pods-Bartinter.debug.xcconfig */;
			buildSettings = {
				ASSETCATALOG_COMPILER_APPICON_NAME = AppIcon;
				CODE_SIGN_STYLE = Automatic;
				DEVELOPMENT_TEAM = U99CNQ7H99;
				INFOPLIST_FILE = Bartinter/Info.plist;
				LD_RUNPATH_SEARCH_PATHS = (
					"$(inherited)",
					"@executable_path/Frameworks",
				);
				PRODUCT_BUNDLE_IDENTIFIER = com.maximkotliar.Bartinter;
				PRODUCT_NAME = "$(TARGET_NAME)";
				SWIFT_VERSION = 4.0;
				TARGETED_DEVICE_FAMILY = "1,2";
			};
			name = Debug;
		};
		1967AF9F20D96F4A0043C0E7 /* Release */ = {
			isa = XCBuildConfiguration;
			baseConfigurationReference = 58D96E9E3C5D3021DE90D28F /* Pods-Bartinter.release.xcconfig */;
			buildSettings = {
				ASSETCATALOG_COMPILER_APPICON_NAME = AppIcon;
				CODE_SIGN_STYLE = Automatic;
				DEVELOPMENT_TEAM = U99CNQ7H99;
				INFOPLIST_FILE = Bartinter/Info.plist;
				LD_RUNPATH_SEARCH_PATHS = (
					"$(inherited)",
					"@executable_path/Frameworks",
				);
				PRODUCT_BUNDLE_IDENTIFIER = com.maximkotliar.Bartinter;
				PRODUCT_NAME = "$(TARGET_NAME)";
				SWIFT_VERSION = 4.0;
				TARGETED_DEVICE_FAMILY = "1,2";
			};
			name = Release;
		};
/* End XCBuildConfiguration section */

/* Begin XCConfigurationList section */
		195444B020E14E66004B03C5 /* Build configuration list for PBXNativeTarget "BartinterTests" */ = {
			isa = XCConfigurationList;
			buildConfigurations = (
				195444B120E14E66004B03C5 /* Debug */,
				195444B220E14E66004B03C5 /* Release */,
			);
			defaultConfigurationIsVisible = 0;
			defaultConfigurationName = Release;
		};
		1967AF8620D96F480043C0E7 /* Build configuration list for PBXProject "Bartinter" */ = {
			isa = XCConfigurationList;
			buildConfigurations = (
				1967AF9B20D96F4A0043C0E7 /* Debug */,
				1967AF9C20D96F4A0043C0E7 /* Release */,
			);
			defaultConfigurationIsVisible = 0;
			defaultConfigurationName = Release;
		};
		1967AF9D20D96F4A0043C0E7 /* Build configuration list for PBXNativeTarget "Bartinter" */ = {
			isa = XCConfigurationList;
			buildConfigurations = (
				1967AF9E20D96F4A0043C0E7 /* Debug */,
				1967AF9F20D96F4A0043C0E7 /* Release */,
			);
			defaultConfigurationIsVisible = 0;
			defaultConfigurationName = Release;
		};
/* End XCConfigurationList section */
	};
	rootObject = 1967AF8320D96F480043C0E7 /* Project object */;
}
